
Microsoft Visual Studio Solution File, Format Version 12.00
# Visual Studio Version 17
VisualStudioVersion = 17.5.33516.290
MinimumVisualStudioVersion = 10.0.40219.1
Project("{FAE04EC0-301F-11D3-BF4B-00C04F79EFBC}") = "BOTTIEST BOT", "BOTTIEST BOT\BOTTIEST BOT.csproj", "{9C4126E2-E10C-4EF6-B834-70185404DEA7}"
EndProject
Global
	GlobalSection(SolutionConfigurationPlatforms) = preSolution
		Debug|Any CPU = Debug|Any CPU
		Release|Any CPU = Release|Any CPU
	EndGlobalSection
	GlobalSection(ProjectConfigurationPlatforms) = postSolution
		{9C4126E2-E10C-4EF6-B834-70185404DEA7}.Debug|Any CPU.ActiveCfg = Debug|Any CPU
		{9C4126E2-E10C-4EF6-B834-70185404DEA7}.Debug|Any CPU.Build.0 = Debug|Any CPU
		{9C4126E2-E10C-4EF6-B834-70185404DEA7}.Release|Any CPU.ActiveCfg = Release|Any CPU
		{9C4126E2-E10C-4EF6-B834-70185404DEA7}.Release|Any CPU.Build.0 = Release|Any CPU
	EndGlobalSection
	GlobalSection(SolutionProperties) = preSolution
		HideSolutionNode = FALSE
	EndGlobalSection
	GlobalSection(ExtensibilityGlobals) = postSolution
		SolutionGuid = {1677DF2D-EAB2-4DC2-8F24-AC499E864CAF}
	EndGlobalSection
EndGlobal
